
Microsoft Visual Studio Solution File, Format Version 12.00
# Visual Studio 15
VisualStudioVersion = 15.0.27004.2010
MinimumVisualStudioVersion = 10.0.40219.1
Project("{8BC9CEB8-8B4A-11D0-8D11-00A0C91BC942}") = "AntivirusEngine", "AntivirusEngine\AntivirusEngine.vcxproj", "{A04E42D2-DF01-4A44-8044-1B510A570A04}"
EndProject
Project("{8BC9CEB8-8B4A-11D0-8D11-00A0C91BC942}") = "kpsmon", "kpsmon\kpsmon.vcxproj", "{4D1CD8B0-27A7-4982-9FB3-52DFA5F4B2E6}"
EndProject
Project("{8BC9CEB8-8B4A-11D0-8D11-00A0C91BC942}") = "kquarantools", "kquarantools\kquarantools.vcxproj", "{20240ED7-3B3A-4907-8078-7BE21EDB3253}"
EndProject
Project("{8BC9CEB8-8B4A-11D0-8D11-00A0C91BC942}") = "test", "test\test.vcxproj", "{FD44C028-994E-49A3-8127-E57214F25155}"
EndProject
Project("{8BC9CEB8-8B4A-11D0-8D11-00A0C91BC942}") = "ufscontrol", "ufscontrol\ufscontrol.vcxproj", "{E43B2246-C641-431F-AA47-889E3228242D}"
EndProject
Global
	GlobalSection(SolutionConfigurationPlatforms) = preSolution
		Debug|ARM = Debug|ARM
		Debug|ARM64 = Debug|ARM64
		Debug|x64 = Debug|x64
		Debug|x86 = Debug|x86
		Release|ARM = Release|ARM
		Release|ARM64 = Release|ARM64
		Release|x64 = Release|x64
		Release|x86 = Release|x86
	EndGlobalSection
	GlobalSection(ProjectConfigurationPlatforms) = postSolution
		{A04E42D2-DF01-4A44-8044-1B510A570A04}.Debug|ARM.ActiveCfg = Debug|Win32
		{A04E42D2-DF01-4A44-8044-1B510A570A04}.Debug|ARM64.ActiveCfg = Debug|Win32
		{A04E42D2-DF01-4A44-8044-1B510A570A04}.Debug|x64.ActiveCfg = Debug|x64
		{A04E42D2-DF01-4A44-8044-1B510A570A04}.Debug|x64.Build.0 = Debug|x64
		{A04E42D2-DF01-4A44-8044-1B510A570A04}.Debug|x64.Deploy.0 = Debug|x64
		{A04E42D2-DF01-4A44-8044-1B510A570A04}.Debug|x86.ActiveCfg = Debug|Win32
		{A04E42D2-DF01-4A44-8044-1B510A570A04}.Debug|x86.Build.0 = Debug|Win32
		{A04E42D2-DF01-4A44-8044-1B510A570A04}.Release|ARM.ActiveCfg = Release|Win32
		{A04E42D2-DF01-4A44-8044-1B510A570A04}.Release|ARM64.ActiveCfg = Release|Win32
		{A04E42D2-DF01-4A44-8044-1B510A570A04}.Release|x64.ActiveCfg = Release|x64
		{A04E42D2-DF01-4A44-8044-1B510A570A04}.Release|x64.Build.0 = Release|x64
		{A04E42D2-DF01-4A44-8044-1B510A570A04}.Release|x86.ActiveCfg = Release|Win32
		{A04E42D2-DF01-4A44-8044-1B510A570A04}.Release|x86.Build.0 = Release|Win32
		{4D1CD8B0-27A7-4982-9FB3-52DFA5F4B2E6}.Debug|ARM.ActiveCfg = Debug|ARM
		{4D1CD8B0-27A7-4982-9FB3-52DFA5F4B2E6}.Debug|ARM.Build.0 = Debug|ARM
		{4D1CD8B0-27A7-4982-9FB3-52DFA5F4B2E6}.Debug|ARM.Deploy.0 = Debug|ARM
		{4D1CD8B0-27A7-4982-9FB3-52DFA5F4B2E6}.Debug|ARM64.ActiveCfg = Debug|ARM64
		{4D1CD8B0-27A7-4982-9FB3-52DFA5F4B2E6}.Debug|ARM64.Build.0 = Debug|ARM64
		{4D1CD8B0-27A7-4982-9FB3-52DFA5F4B2E6}.Debug|ARM64.Deploy.0 = Debug|ARM64
		{4D1CD8B0-27A7-4982-9FB3-52DFA5F4B2E6}.Debug|x64.ActiveCfg = Debug|x64
		{4D1CD8B0-27A7-4982-9FB3-52DFA5F4B2E6}.Debug|x64.Build.0 = Debug|x64
		{4D1CD8B0-27A7-4982-9FB3-52DFA5F4B2E6}.Debug|x64.Deploy.0 = Debug|x64
		{4D1CD8B0-27A7-4982-9FB3-52DFA5F4B2E6}.Debug|x86.ActiveCfg = Debug|Win32
		{4D1CD8B0-27A7-4982-9FB3-52DFA5F4B2E6}.Debug|x86.Build.0 = Debug|Win32
		{4D1CD8B0-27A7-4982-9FB3-52DFA5F4B2E6}.Debug|x86.Deploy.0 = Debug|Win32
		{4D1CD8B0-27A7-4982-9FB3-52DFA5F4B2E6}.Release|ARM.ActiveCfg = Release|ARM
		{4D1CD8B0-27A7-4982-9FB3-52DFA5F4B2E6}.Release|ARM.Build.0 = Release|ARM
		{4D1CD8B0-27A7-4982-9FB3-52DFA5F4B2E6}.Release|ARM.Deploy.0 = Release|ARM
		{4D1CD8B0-27A7-4982-9FB3-52DFA5F4B2E6}.Release|ARM64.ActiveCfg = Release|ARM64
		{4D1CD8B0-27A7-4982-9FB3-52DFA5F4B2E6}.Release|ARM64.Build.0 = Release|ARM64
		{4D1CD8B0-27A7-4982-9FB3-52DFA5F4B2E6}.Release|ARM64.Deploy.0 = Release|ARM64
		{4D1CD8B0-27A7-4982-9FB3-52DFA5F4B2E6}.Release|x64.ActiveCfg = Release|x64
		{4D1CD8B0-27A7-4982-9FB3-52DFA5F4B2E6}.Release|x64.Build.0 = Release|x64
		{4D1CD8B0-27A7-4982-9FB3-52DFA5F4B2E6}.Release|x64.Deploy.0 = Release|x64
		{4D1CD8B0-27A7-4982-9FB3-52DFA5F4B2E6}.Release|x86.ActiveCfg = Release|Win32
		{4D1CD8B0-27A7-4982-9FB3-52DFA5F4B2E6}.Release|x86.Build.0 = Release|Win32
		{4D1CD8B0-27A7-4982-9FB3-52DFA5F4B2E6}.Release|x86.Deploy.0 = Release|Win32
		{20240ED7-3B3A-4907-8078-7BE21EDB3253}.Debug|ARM.ActiveCfg = Debug|ARM
		{20240ED7-3B3A-4907-8078-7BE21EDB3253}.Debug|ARM.Build.0 = Debug|ARM
		{20240ED7-3B3A-4907-8078-7BE21EDB3253}.Debug|ARM.Deploy.0 = Debug|ARM
		{20240ED7-3B3A-4907-8078-7BE21EDB3253}.Debug|ARM64.ActiveCfg = Debug|ARM64
		{20240ED7-3B3A-4907-8078-7BE21EDB3253}.Debug|ARM64.Build.0 = Debug|ARM64
		{20240ED7-3B3A-4907-8078-7BE21EDB3253}.Debug|ARM64.Deploy.0 = Debug|ARM64
		{20240ED7-3B3A-4907-8078-7BE21EDB3253}.Debug|x64.ActiveCfg = Debug|x64
		{20240ED7-3B3A-4907-8078-7BE21EDB3253}.Debug|x64.Build.0 = Debug|x64
		{20240ED7-3B3A-4907-8078-7BE21EDB3253}.Debug|x64.Deploy.0 = Debug|x64
		{20240ED7-3B3A-4907-8078-7BE21EDB3253}.Debug|x86.ActiveCfg = Debug|Win32
		{20240ED7-3B3A-4907-8078-7BE21EDB3253}.Debug|x86.Build.0 = Debug|Win32
		{20240ED7-3B3A-4907-8078-7BE21EDB3253}.Debug|x86.Deploy.0 = Debug|Win32
		{20240ED7-3B3A-4907-8078-7BE21EDB3253}.Release|ARM.ActiveCfg = Release|ARM
		{20240ED7-3B3A-4907-8078-7BE21EDB3253}.Release|ARM.Build.0 = Release|ARM
		{20240ED7-3B3A-4907-8078-7BE21EDB3253}.Release|ARM.Deploy.0 = Release|ARM
		{20240ED7-3B3A-4907-8078-7BE21EDB3253}.Release|ARM64.ActiveCfg = Release|ARM64
		{20240ED7-3B3A-4907-8078-7BE21EDB3253}.Release|ARM64.Build.0 = Release|ARM64
		{20240ED7-3B3A-4907-8078-7BE21EDB3253}.Release|ARM64.Deploy.0 = Release|ARM64
		{20240ED7-3B3A-4907-8078-7BE21EDB3253}.Release|x64.ActiveCfg = Release|x64
		{20240ED7-3B3A-4907-8078-7BE21EDB3253}.Release|x64.Build.0 = Release|x64
		{20240ED7-3B3A-4907-8078-7BE21EDB3253}.Release|x64.Deploy.0 = Release|x64
		{20240ED7-3B3A-4907-8078-7BE21EDB3253}.Release|x86.ActiveCfg = Release|Win32
		{20240ED7-3B3A-4907-8078-7BE21EDB3253}.Release|x86.Build.0 = Release|Win32
		{20240ED7-3B3A-4907-8078-7BE21EDB3253}.Release|x86.Deploy.0 = Release|Win32
		{FD44C028-994E-49A3-8127-E57214F25155}.Debug|ARM.ActiveCfg = Debug|Win32
		{FD44C028-994E-49A3-8127-E57214F25155}.Debug|ARM64.ActiveCfg = Debug|Win32
		{FD44C028-994E-49A3-8127-E57214F25155}.Debug|x64.ActiveCfg = Debug|x64
		{FD44C028-994E-49A3-8127-E57214F25155}.Debug|x64.Build.0 = Debug|x64
		{FD44C028-994E-49A3-8127-E57214F25155}.Debug|x86.ActiveCfg = Debug|Win32
		{FD44C028-994E-49A3-8127-E57214F25155}.Debug|x86.Build.0 = Debug|Win32
		{FD44C028-994E-49A3-8127-E57214F25155}.Release|ARM.ActiveCfg = Release|Win32
		{FD44C028-994E-49A3-8127-E57214F25155}.Release|ARM64.ActiveCfg = Release|Win32
		{FD44C028-994E-49A3-8127-E57214F25155}.Release|x64.ActiveCfg = Release|x64
		{FD44C028-994E-49A3-8127-E57214F25155}.Release|x64.Build.0 = Release|x64
		{FD44C028-994E-49A3-8127-E57214F25155}.Release|x86.ActiveCfg = Release|Win32
		{FD44C028-994E-49A3-8127-E57214F25155}.Release|x86.Build.0 = Release|Win32
		{E43B2246-C641-431F-AA47-889E3228242D}.Debug|ARM.ActiveCfg = Debug|Win32
		{E43B2246-C641-431F-AA47-889E3228242D}.Debug|ARM64.ActiveCfg = Debug|Win32
		{E43B2246-C641-431F-AA47-889E3228242D}.Debug|x64.ActiveCfg = Debug|x64
		{E43B2246-C641-431F-AA47-889E3228242D}.Debug|x64.Build.0 = Debug|x64
		{E43B2246-C641-431F-AA47-889E3228242D}.Debug|x86.ActiveCfg = Debug|Win32
		{E43B2246-C641-431F-AA47-889E3228242D}.Debug|x86.Build.0 = Debug|Win32
		{E43B2246-C641-431F-AA47-889E3228242D}.Release|ARM.ActiveCfg = Release|Win32
		{E43B2246-C641-431F-AA47-889E3228242D}.Release|ARM64.ActiveCfg = Release|Win32
		{E43B2246-C641-431F-AA47-889E3228242D}.Release|x64.ActiveCfg = Release|x64
		{E43B2246-C641-431F-AA47-889E3228242D}.Release|x64.Build.0 = Release|x64
		{E43B2246-C641-431F-AA47-889E3228242D}.Release|x86.ActiveCfg = Release|Win32
		{E43B2246-C641-431F-AA47-889E3228242D}.Release|x86.Build.0 = Release|Win32
	EndGlobalSection
	GlobalSection(SolutionProperties) = preSolution
		HideSolutionNode = FALSE
	EndGlobalSection
	GlobalSection(ExtensibilityGlobals) = postSolution
		SolutionGuid = {0285C2AB-3F18-441C-B828-E7368BA6CD22}
	EndGlobalSection
EndGlobal
